
Microsoft Visual Studio Solution File, Format Version 12.00
# Visual Studio 2012
Project("{FAE04EC0-301F-11D3-BF4B-00C04F79EFBC}") = "WebChatAPI", "WebChatAPI\WebChatAPI.csproj", "{AACBFAEC-CFB6-47D9-B936-3029E650CE91}"
EndProject
Project("{FAE04EC0-301F-11D3-BF4B-00C04F79EFBC}") = "WebChatAPI.Data", "WebChatAPI.Data\WebChatAPI.Data.csproj", "{F422AA72-81A6-4BA1-B787-F87D924C99FA}"
EndProject
Global
	GlobalSection(SolutionConfigurationPlatforms) = preSolution
		Debug|Any CPU = Debug|Any CPU
		Release|Any CPU = Release|Any CPU
	EndGlobalSection
	GlobalSection(ProjectConfigurationPlatforms) = postSolution
		{AACBFAEC-CFB6-47D9-B936-3029E650CE91}.Debug|Any CPU.ActiveCfg = Debug|Any CPU
		{AACBFAEC-CFB6-47D9-B936-3029E650CE91}.Debug|Any CPU.Build.0 = Debug|Any CPU
		{AACBFAEC-CFB6-47D9-B936-3029E650CE91}.Release|Any CPU.ActiveCfg = Release|Any CPU
		{AACBFAEC-CFB6-47D9-B936-3029E650CE91}.Release|Any CPU.Build.0 = Release|Any CPU
		{F422AA72-81A6-4BA1-B787-F87D924C99FA}.Debug|Any CPU.ActiveCfg = Debug|Any CPU
		{F422AA72-81A6-4BA1-B787-F87D924C99FA}.Debug|Any CPU.Build.0 = Debug|Any CPU
		{F422AA72-81A6-4BA1-B787-F87D924C99FA}.Release|Any CPU.ActiveCfg = Release|Any CPU
		{F422AA72-81A6-4BA1-B787-F87D924C99FA}.Release|Any CPU.Build.0 = Release|Any CPU
	EndGlobalSection
	GlobalSection(SolutionProperties) = preSolution
		HideSolutionNode = FALSE
	EndGlobalSection
EndGlobal
