
Microsoft Visual Studio Solution File, Format Version 12.00
# Visual Studio 2012
Project("{FAE04EC0-301F-11D3-BF4B-00C04F79EFBC}") = "WebChatAPI", "WebChatAPI\WebChatAPI.csproj", "{AACBFAEC-CFB6-47D9-B936-3029E650CE91}"
EndProject
Project("{FAE04EC0-301F-11D3-BF4B-00C04F79EFBC}") = "WebChat.Models", "WebChat.Models\WebChat.Models.csproj", "{F068F0B3-308E-473E-AB79-A64F55ADD145}"
EndProject
Project("{FAE04EC0-301F-11D3-BF4B-00C04F79EFBC}") = "WebChat.Repository", "WebChat.Repository\WebChat.Repository.csproj", "{C1B695FC-77A8-4FAA-8878-28507FFB7873}"
EndProject
Project("{FAE04EC0-301F-11D3-BF4B-00C04F79EFBC}") = "WebChat.DataLayer", "WebChat.DataLayer\WebChat.DataLayer.csproj", "{2181A11E-9987-459F-A062-5D4EABAF92C4}"
EndProject
Project("{FAE04EC0-301F-11D3-BF4B-00C04F79EFBC}") = "WebChat.WebClient", "WebChat.WebClient\WebChat.WebClient.csproj", "{3AAD9A29-134B-4459-8F77-8398A864073D}"
EndProject
Global
	GlobalSection(SolutionConfigurationPlatforms) = preSolution
		Debug|Any CPU = Debug|Any CPU
		Release|Any CPU = Release|Any CPU
	EndGlobalSection
	GlobalSection(ProjectConfigurationPlatforms) = postSolution
		{AACBFAEC-CFB6-47D9-B936-3029E650CE91}.Debug|Any CPU.ActiveCfg = Debug|Any CPU
		{AACBFAEC-CFB6-47D9-B936-3029E650CE91}.Debug|Any CPU.Build.0 = Debug|Any CPU
		{AACBFAEC-CFB6-47D9-B936-3029E650CE91}.Release|Any CPU.ActiveCfg = Release|Any CPU
		{AACBFAEC-CFB6-47D9-B936-3029E650CE91}.Release|Any CPU.Build.0 = Release|Any CPU
		{F068F0B3-308E-473E-AB79-A64F55ADD145}.Debug|Any CPU.ActiveCfg = Debug|Any CPU
		{F068F0B3-308E-473E-AB79-A64F55ADD145}.Debug|Any CPU.Build.0 = Debug|Any CPU
		{F068F0B3-308E-473E-AB79-A64F55ADD145}.Release|Any CPU.ActiveCfg = Release|Any CPU
		{F068F0B3-308E-473E-AB79-A64F55ADD145}.Release|Any CPU.Build.0 = Release|Any CPU
		{C1B695FC-77A8-4FAA-8878-28507FFB7873}.Debug|Any CPU.ActiveCfg = Debug|Any CPU
		{C1B695FC-77A8-4FAA-8878-28507FFB7873}.Debug|Any CPU.Build.0 = Debug|Any CPU
		{C1B695FC-77A8-4FAA-8878-28507FFB7873}.Release|Any CPU.ActiveCfg = Release|Any CPU
		{C1B695FC-77A8-4FAA-8878-28507FFB7873}.Release|Any CPU.Build.0 = Release|Any CPU
		{2181A11E-9987-459F-A062-5D4EABAF92C4}.Debug|Any CPU.ActiveCfg = Debug|Any CPU
		{2181A11E-9987-459F-A062-5D4EABAF92C4}.Debug|Any CPU.Build.0 = Debug|Any CPU
		{2181A11E-9987-459F-A062-5D4EABAF92C4}.Release|Any CPU.ActiveCfg = Release|Any CPU
		{2181A11E-9987-459F-A062-5D4EABAF92C4}.Release|Any CPU.Build.0 = Release|Any CPU
		{3AAD9A29-134B-4459-8F77-8398A864073D}.Debug|Any CPU.ActiveCfg = Debug|Any CPU
		{3AAD9A29-134B-4459-8F77-8398A864073D}.Debug|Any CPU.Build.0 = Debug|Any CPU
		{3AAD9A29-134B-4459-8F77-8398A864073D}.Release|Any CPU.ActiveCfg = Release|Any CPU
		{3AAD9A29-134B-4459-8F77-8398A864073D}.Release|Any CPU.Build.0 = Release|Any CPU
	EndGlobalSection
	GlobalSection(SolutionProperties) = preSolution
		HideSolutionNode = FALSE
	EndGlobalSection
EndGlobal
